
Microsoft Visual Studio Solution File, Format Version 12.00
# Visual Studio Version 17
VisualStudioVersion = 17.14.36203.30 d17.14
MinimumVisualStudioVersion = 10.0.40219.1
Project("{FAE04EC0-301F-11D3-BF4B-00C04F79EFBC}") = "CRM", "CRM\CRM.csproj", "{15885C79-B96C-4B91-B7C8-2A45DE7E935D}"
EndProject
Global
	GlobalSection(SolutionConfigurationPlatforms) = preSolution
		Debug|Any CPU = Debug|Any CPU
		Release|Any CPU = Release|Any CPU
	EndGlobalSection
	GlobalSection(ProjectConfigurationPlatforms) = postSolution
		{15885C79-B96C-4B91-B7C8-2A45DE7E935D}.Debug|Any CPU.ActiveCfg = Debug|Any CPU
		{15885C79-B96C-4B91-B7C8-2A45DE7E935D}.Debug|Any CPU.Build.0 = Debug|Any CPU
		{15885C79-B96C-4B91-B7C8-2A45DE7E935D}.Release|Any CPU.ActiveCfg = Release|Any CPU
		{15885C79-B96C-4B91-B7C8-2A45DE7E935D}.Release|Any CPU.Build.0 = Release|Any CPU
	EndGlobalSection
	GlobalSection(SolutionProperties) = preSolution
		HideSolutionNode = FALSE
	EndGlobalSection
	GlobalSection(ExtensibilityGlobals) = postSolution
		SolutionGuid = {55FE6C67-D7FF-4546-BC87-1A6C6733177F}
	EndGlobalSection
EndGlobal
